// !$*UTF8*$!
{
	archiveVersion = 1;
	classes = {
	};
	objectVersion = 50;
	objects = {

/* Begin PBXBuildFile section */
		7F29422524F4FE190006AFED /* AppDelegate.swift in Sources */ = {isa = PBXBuildFile; fileRef = 7F29422424F4FE190006AFED /* AppDelegate.swift */; };
		7F29422724F4FE190006AFED /* SceneDelegate.swift in Sources */ = {isa = PBXBuildFile; fileRef = 7F29422624F4FE190006AFED /* SceneDelegate.swift */; };
		7F29422924F4FE190006AFED /* ViewController.swift in Sources */ = {isa = PBXBuildFile; fileRef = 7F29422824F4FE190006AFED /* ViewController.swift */; };
		7F29422C24F4FE190006AFED /* Main.storyboard in Resources */ = {isa = PBXBuildFile; fileRef = 7F29422A24F4FE190006AFED /* Main.storyboard */; };
		7F29422E24F4FE270006AFED /* Assets.xcassets in Resources */ = {isa = PBXBuildFile; fileRef = 7F29422D24F4FE270006AFED /* Assets.xcassets */; };
		7F29423124F4FE270006AFED /* LaunchScreen.storyboard in Resources */ = {isa = PBXBuildFile; fileRef = 7F29422F24F4FE270006AFED /* LaunchScreen.storyboard */; };
		7F39772124F635AA00FBF2D9 /* ContactTableViewCell.swift in Sources */ = {isa = PBXBuildFile; fileRef = 7F39771F24F635AA00FBF2D9 /* ContactTableViewCell.swift */; };
		7F39772224F635AA00FBF2D9 /* ContactTableViewCell.xib in Resources */ = {isa = PBXBuildFile; fileRef = 7F39772024F635AA00FBF2D9 /* ContactTableViewCell.xib */; };
		7F39772924F639D100FBF2D9 /* Icon.png in Resources */ = {isa = PBXBuildFile; fileRef = 7F39772824F639D100FBF2D9 /* Icon.png */; };
		7F39772C24F63A6900FBF2D9 /* Contact.swift in Sources */ = {isa = PBXBuildFile; fileRef = 7F39772B24F63A6900FBF2D9 /* Contact.swift */; };
/* End PBXBuildFile section */

/* Begin PBXFileReference section */
		7F29422124F4FE190006AFED /* demoTableView.app */ = {isa = PBXFileReference; explicitFileType = wrapper.application; includeInIndex = 0; path = demoTableView.app; sourceTree = BUILT_PRODUCTS_DIR; };
		7F29422424F4FE190006AFED /* AppDelegate.swift */ = {isa = PBXFileReference; lastKnownFileType = sourcecode.swift; path = AppDelegate.swift; sourceTree = "<group>"; };
		7F29422624F4FE190006AFED /* SceneDelegate.swift */ = {isa = PBXFileReference; lastKnownFileType = sourcecode.swift; path = SceneDelegate.swift; sourceTree = "<group>"; };
		7F29422824F4FE190006AFED /* ViewController.swift */ = {isa = PBXFileReference; lastKnownFileType = sourcecode.swift; path = ViewController.swift; sourceTree = "<group>"; };
		7F29422B24F4FE190006AFED /* Base */ = {isa = PBXFileReference; lastKnownFileType = file.storyboard; name = Base; path = Base.lproj/Main.storyboard; sourceTree = "<group>"; };
		7F29422D24F4FE270006AFED /* Assets.xcassets */ = {isa = PBXFileReference; lastKnownFileType = folder.assetcatalog; path = Assets.xcassets; sourceTree = "<group>"; };
		7F29423024F4FE270006AFED /* Base */ = {isa = PBXFileReference; lastKnownFileType = file.storyboard; name = Base; path = Base.lproj/LaunchScreen.storyboard; sourceTree = "<group>"; };
		7F29423224F4FE270006AFED /* Info.plist */ = {isa = PBXFileReference; lastKnownFileType = text.plist.xml; path = Info.plist; sourceTree = "<group>"; };
		7F39771F24F635AA00FBF2D9 /* ContactTableViewCell.swift */ = {isa = PBXFileReference; lastKnownFileType = sourcecode.swift; path = ContactTableViewCell.swift; sourceTree = "<group>"; };
		7F39772024F635AA00FBF2D9 /* ContactTableViewCell.xib */ = {isa = PBXFileReference; lastKnownFileType = file.xib; path = ContactTableViewCell.xib; sourceTree = "<group>"; };
		7F39772824F639D100FBF2D9 /* Icon.png */ = {isa = PBXFileReference; lastKnownFileType = image.png; path = Icon.png; sourceTree = "<group>"; };
		7F39772B24F63A6900FBF2D9 /* Contact.swift */ = {isa = PBXFileReference; lastKnownFileType = sourcecode.swift; path = Contact.swift; sourceTree = "<group>"; };
/* End PBXFileReference section */

/* Begin PBXFrameworksBuildPhase section */
		7F29421E24F4FE190006AFED /* Frameworks */ = {
			isa = PBXFrameworksBuildPhase;
			buildActionMask = 2147483647;
			files = (
			);
			runOnlyForDeploymentPostprocessing = 0;
		};
/* End PBXFrameworksBuildPhase section */

/* Begin PBXGroup section */
		7F29421824F4FE190006AFED = {
			isa = PBXGroup;
			children = (
				7F29422324F4FE190006AFED /* demoTableView */,
				7F29422224F4FE190006AFED /* Products */,
			);
			sourceTree = "<group>";
		};
		7F29422224F4FE190006AFED /* Products */ = {
			isa = PBXGroup;
			children = (
				7F29422124F4FE190006AFED /* demoTableView.app */,
			);
			name = Products;
			sourceTree = "<group>";
		};
		7F29422324F4FE190006AFED /* demoTableView */ = {
			isa = PBXGroup;
			children = (
				7F39772B24F63A6900FBF2D9 /* Contact.swift */,
				7F39772824F639D100FBF2D9 /* Icon.png */,
				7F39771F24F635AA00FBF2D9 /* ContactTableViewCell.swift */,
				7F39772024F635AA00FBF2D9 /* ContactTableViewCell.xib */,
				7F29422424F4FE190006AFED /* AppDelegate.swift */,
				7F29422624F4FE190006AFED /* SceneDelegate.swift */,
				7F29422824F4FE190006AFED /* ViewController.swift */,
				7F29422A24F4FE190006AFED /* Main.storyboard */,
				7F29422D24F4FE270006AFED /* Assets.xcassets */,
				7F29422F24F4FE270006AFED /* LaunchScreen.storyboard */,
				7F29423224F4FE270006AFED /* Info.plist */,
			);
			path = demoTableView;
			sourceTree = "<group>";
		};
/* End PBXGroup section */

/* Begin PBXNativeTarget section */
		7F29422024F4FE190006AFED /* demoTableView */ = {
			isa = PBXNativeTarget;
			buildConfigurationList = 7F29423524F4FE270006AFED /* Build configuration list for PBXNativeTarget "demoTableView" */;
			buildPhases = (
				7F29421D24F4FE190006AFED /* Sources */,
				7F29421E24F4FE190006AFED /* Frameworks */,
				7F29421F24F4FE190006AFED /* Resources */,
			);
			buildRules = (
			);
			dependencies = (
			);
			name = demoTableView;
			productName = demoTableView;
			productReference = 7F29422124F4FE190006AFED /* demoTableView.app */;
			productType = "com.apple.product-type.application";
		};
/* End PBXNativeTarget section */

/* Begin PBXProject section */
		7F29421924F4FE190006AFED /* Project object */ = {
			isa = PBXProject;
			attributes = {
				LastSwiftUpdateCheck = 1160;
				LastUpgradeCheck = 1160;
				ORGANIZATIONNAME = "Chu Thanh Dat";
				TargetAttributes = {
					7F29422024F4FE190006AFED = {
						CreatedOnToolsVersion = 11.6;
					};
				};
			};
			buildConfigurationList = 7F29421C24F4FE190006AFED /* Build configuration list for PBXProject "demoTableView" */;
			compatibilityVersion = "Xcode 9.3";
			developmentRegion = en;
			hasScannedForEncodings = 0;
			knownRegions = (
				en,
				Base,
			);
			mainGroup = 7F29421824F4FE190006AFED;
			productRefGroup = 7F29422224F4FE190006AFED /* Products */;
			projectDirPath = "";
			projectRoot = "";
			targets = (
				7F29422024F4FE190006AFED /* demoTableView */,
			);
		};
/* End PBXProject section */

/* Begin PBXResourcesBuildPhase section */
		7F29421F24F4FE190006AFED /* Resources */ = {
			isa = PBXResourcesBuildPhase;
			buildActionMask = 2147483647;
			files = (
				7F29423124F4FE270006AFED /* LaunchScreen.storyboard in Resources */,
				7F39772224F635AA00FBF2D9 /* ContactTableViewCell.xib in Resources */,
				7F39772924F639D100FBF2D9 /* Icon.png in Resources */,
				7F29422E24F4FE270006AFED /* Assets.xcassets in Resources */,
				7F29422C24F4FE190006AFED /* Main.storyboard in Resources */,
			);
			runOnlyForDeploymentPostprocessing = 0;
		};
/* End PBXResourcesBuildPhase section */

/* Begin PBXSourcesBuildPhase section */
		7F29421D24F4FE190006AFED /* Sources */ = {
			isa = PBXSourcesBuildPhase;
			buildActionMask = 2147483647;
			files = (
				7F29422924F4FE190006AFED /* ViewController.swift in Sources */,
				7F39772124F635AA00FBF2D9 /* ContactTableViewCell.swift in Sources */,
				7F39772C24F63A6900FBF2D9 /* Contact.swift in Sources */,
				7F29422524F4FE190006AFED /* AppDelegate.swift in Sources */,
				7F29422724F4FE190006AFED /* SceneDelegate.swift in Sources */,
			);
			runOnlyForDeploymentPostprocessing = 0;
		};
/* End PBXSourcesBuildPhase section */

/* Begin PBXVariantGroup section */
		7F29422A24F4FE190006AFED /* Main.storyboard */ = {
			isa = PBXVariantGroup;
			children = (
				7F29422B24F4FE190006AFED /* Base */,
			);
			name = Main.storyboard;
			sourceTree = "<group>";
		};
		7F29422F24F4FE270006AFED /* LaunchScreen.storyboard */ = {
			isa = PBXVariantGroup;
			children = (
				7F29423024F4FE270006AFED /* Base */,
			);
			name = LaunchScreen.storyboard;
			sourceTree = "<group>";
		};
/* End PBXVariantGroup section */

/* Begin XCBuildConfiguration section */
		7F29423324F4FE270006AFED /* Debug */ = {
			isa = XCBuildConfiguration;
			buildSettings = {
				ALWAYS_SEARCH_USER_PATHS = NO;
				CLANG_ANALYZER_NONNULL = YES;
				CLANG_ANALYZER_NUMBER_OBJECT_CONVERSION = YES_AGGRESSIVE;
				CLANG_CXX_LANGUAGE_STANDARD = "gnu++14";
				CLANG_CXX_LIBRARY = "libc++";
				CLANG_ENABLE_MODULES = YES;
				CLANG_ENABLE_OBJC_ARC = YES;
				CLANG_ENABLE_OBJC_WEAK = YES;
				CLANG_WARN_BLOCK_CAPTURE_AUTORELEASING = YES;
				CLANG_WARN_BOOL_CONVERSION = YES;
				CLANG_WARN_COMMA = YES;
				CLANG_WARN_CONSTANT_CONVERSION = YES;
				CLANG_WARN_DEPRECATED_OBJC_IMPLEMENTATIONS = YES;
				CLANG_WARN_DIRECT_OBJC_ISA_USAGE = YES_ERROR;
				CLANG_WARN_DOCUMENTATION_COMMENTS = YES;
				CLANG_WARN_EMPTY_BODY = YES;
				CLANG_WARN_ENUM_CONVERSION = YES;
				CLANG_WARN_INFINITE_RECURSION = YES;
				CLANG_WARN_INT_CONVERSION = YES;
				CLANG_WARN_NON_LITERAL_NULL_CONVERSION = YES;
				CLANG_WARN_OBJC_IMPLICIT_RETAIN_SELF = YES;
				CLANG_WARN_OBJC_LITERAL_CONVERSION = YES;
				CLANG_WARN_OBJC_ROOT_CLASS = YES_ERROR;
				CLANG_WARN_RANGE_LOOP_ANALYSIS = YES;
				CLANG_WARN_STRICT_PROTOTYPES = YES;
				CLANG_WARN_SUSPICIOUS_MOVE = YES;
				CLANG_WARN_UNGUARDED_AVAILABILITY = YES_AGGRESSIVE;
				CLANG_WARN_UNREACHABLE_CODE = YES;
				CLANG_WARN__DUPLICATE_METHOD_MATCH = YES;
				COPY_PHASE_STRIP = NO;
				DEBUG_INFORMATION_FORMAT = dwarf;
				ENABLE_STRICT_OBJC_MSGSEND = YES;
				ENABLE_TESTABILITY = YES;
				GCC_C_LANGUAGE_STANDARD = gnu11;
				GCC_DYNAMIC_NO_PIC = NO;
				GCC_NO_COMMON_BLOCKS = YES;
				GCC_OPTIMIZATION_LEVEL = 0;
				GCC_PREPROCESSOR_DEFINITIONS = (
					"DEBUG=1",
					"$(inherited)",
				);
				GCC_WARN_64_TO_32_BIT_CONVERSION = YES;
				GCC_WARN_ABOUT_RETURN_TYPE = YES_ERROR;
				GCC_WARN_UNDECLARED_SELECTOR = YES;
				GCC_WARN_UNINITIALIZED_AUTOS = YES_AGGRESSIVE;
				GCC_WARN_UNUSED_FUNCTION = YES;
				GCC_WARN_UNUSED_VARIABLE = YES;
				IPHONEOS_DEPLOYMENT_TARGET = 13.6;
				MTL_ENABLE_DEBUG_INFO = INCLUDE_SOURCE;
				MTL_FAST_MATH = YES;
				ONLY_ACTIVE_ARCH = YES;
				SDKROOT = iphoneos;
				SWIFT_ACTIVE_COMPILATION_CONDITIONS = DEBUG;
				SWIFT_OPTIMIZATION_LEVEL = "-Onone";
			};
			name = Debug;
		};
		7F29423424F4FE270006AFED /* Release */ = {
			isa = XCBuildConfiguration;
			buildSettings = {
				ALWAYS_SEARCH_USER_PATHS = NO;
				CLANG_ANALYZER_NONNULL = YES;
				CLANG_ANALYZER_NUMBER_OBJECT_CONVERSION = YES_AGGRESSIVE;
				CLANG_CXX_LANGUAGE_STANDARD = "gnu++14";
				CLANG_CXX_LIBRARY = "libc++";
				CLANG_ENABLE_MODULES = YES;
				CLANG_ENABLE_OBJC_ARC = YES;
				CLANG_ENABLE_OBJC_WEAK = YES;
				CLANG_WARN_BLOCK_CAPTURE_AUTORELEASING = YES;
				CLANG_WARN_BOOL_CONVERSION = YES;
				CLANG_WARN_COMMA = YES;
				CLANG_WARN_CONSTANT_CONVERSION = YES;
				CLANG_WARN_DEPRECATED_OBJC_IMPLEMENTATIONS = YES;
				CLANG_WARN_DIRECT_OBJC_ISA_USAGE = YES_ERROR;
				CLANG_WARN_DOCUMENTATION_COMMENTS = YES;
				CLANG_WARN_EMPTY_BODY = YES;
				CLANG_WARN_ENUM_CONVERSION = YES;
				CLANG_WARN_INFINITE_RECURSION = YES;
				CLANG_WARN_INT_CONVERSION = YES;
				CLANG_WARN_NON_LITERAL_NULL_CONVERSION = YES;
				CLANG_WARN_OBJC_IMPLICIT_RETAIN_SELF = YES;
				CLANG_WARN_OBJC_LITERAL_CONVERSION = YES;
				CLANG_WARN_OBJC_ROOT_CLASS = YES_ERROR;
				CLANG_WARN_RANGE_LOOP_ANALYSIS = YES;
				CLANG_WARN_STRICT_PROTOTYPES = YES;
				CLANG_WARN_SUSPICIOUS_MOVE = YES;
				CLANG_WARN_UNGUARDED_AVAILABILITY = YES_AGGRESSIVE;
				CLANG_WARN_UNREACHABLE_CODE = YES;
				CLANG_WARN__DUPLICATE_METHOD_MATCH = YES;
				COPY_PHASE_STRIP = NO;
				DEBUG_INFORMATION_FORMAT = "dwarf-with-dsym";
				ENABLE_NS_ASSERTIONS = NO;
				ENABLE_STRICT_OBJC_MSGSEND = YES;
				GCC_C_LANGUAGE_STANDARD = gnu11;
				GCC_NO_COMMON_BLOCKS = YES;
				GCC_WARN_64_TO_32_BIT_CONVERSION = YES;
				GCC_WARN_ABOUT_RETURN_TYPE = YES_ERROR;
				GCC_WARN_UNDECLARED_SELECTOR = YES;
				GCC_WARN_UNINITIALIZED_AUTOS = YES_AGGRESSIVE;
				GCC_WARN_UNUSED_FUNCTION = YES;
				GCC_WARN_UNUSED_VARIABLE = YES;
				IPHONEOS_DEPLOYMENT_TARGET = 13.6;
				MTL_ENABLE_DEBUG_INFO = NO;
				MTL_FAST_MATH = YES;
				SDKROOT = iphoneos;
				SWIFT_COMPILATION_MODE = wholemodule;
				SWIFT_OPTIMIZATION_LEVEL = "-O";
				VALIDATE_PRODUCT = YES;
			};
			name = Release;
		};
		7F29423624F4FE270006AFED /* Debug */ = {
			isa = XCBuildConfiguration;
			buildSettings = {
				ASSETCATALOG_COMPILER_APPICON_NAME = AppIcon;
				CODE_SIGN_STYLE = Automatic;
				INFOPLIST_FILE = demoTableView/Info.plist;
				LD_RUNPATH_SEARCH_PATHS = (
					"$(inherited)",
					"@executable_path/Frameworks",
				);
				PRODUCT_BUNDLE_IDENTIFIER = dat.demoTableView;
				PRODUCT_NAME = "$(TARGET_NAME)";
				SWIFT_VERSION = 5.0;
				TARGETED_DEVICE_FAMILY = "1,2";
			};
			name = Debug;
		};
		7F29423724F4FE270006AFED /* Release */ = {
			isa = XCBuildConfiguration;
			buildSettings = {
				ASSETCATALOG_COMPILER_APPICON_NAME = AppIcon;
				CODE_SIGN_STYLE = Automatic;
				INFOPLIST_FILE = demoTableView/Info.plist;
				LD_RUNPATH_SEARCH_PATHS = (
					"$(inherited)",
					"@executable_path/Frameworks",
				);
				PRODUCT_BUNDLE_IDENTIFIER = dat.demoTableView;
				PRODUCT_NAME = "$(TARGET_NAME)";
				SWIFT_VERSION = 5.0;
				TARGETED_DEVICE_FAMILY = "1,2";
			};
			name = Release;
		};
/* End XCBuildConfiguration section */

/* Begin XCConfigurationList section */
		7F29421C24F4FE190006AFED /* Build configuration list for PBXProject "demoTableView" */ = {
			isa = XCConfigurationList;
			buildConfigurations = (
				7F29423324F4FE270006AFED /* Debug */,
				7F29423424F4FE270006AFED /* Release */,
			);
			defaultConfigurationIsVisible = 0;
			defaultConfigurationName = Release;
		};
		7F29423524F4FE270006AFED /* Build configuration list for PBXNativeTarget "demoTableView" */ = {
			isa = XCConfigurationList;
			buildConfigurations = (
				7F29423624F4FE270006AFED /* Debug */,
				7F29423724F4FE270006AFED /* Release */,
			);
			defaultConfigurationIsVisible = 0;
			defaultConfigurationName = Release;
		};
/* End XCConfigurationList section */
	};
	rootObject = 7F29421924F4FE190006AFED /* Project object */;
}
